
Microsoft Visual Studio Solution File, Format Version 12.00
# Visual Studio Version 17
VisualStudioVersion = 17.7.34024.191
MinimumVisualStudioVersion = 10.0.40219.1
Project("{9A19103F-16F7-4668-BE54-9A1E7A4F7556}") = "HockeyData", "HockeyData\HockeyData.csproj", "{49F0E949-E2D1-4B2C-9312-ECF5A1A08E92}"
EndProject
Project("{FAE04EC0-301F-11D3-BF4B-00C04F79EFBC}") = "HockeyConsoleApp", "HockeyConsoleApp\HockeyConsoleApp.csproj", "{30C471C4-6131-4F5F-BC36-E49C8C533377}"
EndProject
Project("{FAE04EC0-301F-11D3-BF4B-00C04F79EFBC}") = "Utilities", "Utilities\Utilities.csproj", "{054CC9B7-109C-4B76-847E-48FBF8996E58}"
EndProject
Project("{FAE04EC0-301F-11D3-BF4B-00C04F79EFBC}") = "UtilitiesTestProject", "UtilitiesTestProject\UtilitiesTestProject.csproj", "{EB3F6EE8-DAF8-45FE-A26A-A8800FB965BB}"
EndProject
Project("{FAE04EC0-301F-11D3-BF4B-00C04F79EFBC}") = "HockeyTestProject", "HockeyTestProject\HockeyTestProject.csproj", "{CBC8CB80-B423-4805-B0B8-2F736708EFE7}"
EndProject
Global
	GlobalSection(SolutionConfigurationPlatforms) = preSolution
		Debug|Any CPU = Debug|Any CPU
		Release|Any CPU = Release|Any CPU
	EndGlobalSection
	GlobalSection(ProjectConfigurationPlatforms) = postSolution
		{49F0E949-E2D1-4B2C-9312-ECF5A1A08E92}.Debug|Any CPU.ActiveCfg = Debug|Any CPU
		{49F0E949-E2D1-4B2C-9312-ECF5A1A08E92}.Debug|Any CPU.Build.0 = Debug|Any CPU
		{49F0E949-E2D1-4B2C-9312-ECF5A1A08E92}.Release|Any CPU.ActiveCfg = Release|Any CPU
		{49F0E949-E2D1-4B2C-9312-ECF5A1A08E92}.Release|Any CPU.Build.0 = Release|Any CPU
		{30C471C4-6131-4F5F-BC36-E49C8C533377}.Debug|Any CPU.ActiveCfg = Debug|Any CPU
		{30C471C4-6131-4F5F-BC36-E49C8C533377}.Debug|Any CPU.Build.0 = Debug|Any CPU
		{30C471C4-6131-4F5F-BC36-E49C8C533377}.Release|Any CPU.ActiveCfg = Release|Any CPU
		{30C471C4-6131-4F5F-BC36-E49C8C533377}.Release|Any CPU.Build.0 = Release|Any CPU
		{054CC9B7-109C-4B76-847E-48FBF8996E58}.Debug|Any CPU.ActiveCfg = Debug|Any CPU
		{054CC9B7-109C-4B76-847E-48FBF8996E58}.Debug|Any CPU.Build.0 = Debug|Any CPU
		{054CC9B7-109C-4B76-847E-48FBF8996E58}.Release|Any CPU.ActiveCfg = Release|Any CPU
		{054CC9B7-109C-4B76-847E-48FBF8996E58}.Release|Any CPU.Build.0 = Release|Any CPU
		{EB3F6EE8-DAF8-45FE-A26A-A8800FB965BB}.Debug|Any CPU.ActiveCfg = Debug|Any CPU
		{EB3F6EE8-DAF8-45FE-A26A-A8800FB965BB}.Debug|Any CPU.Build.0 = Debug|Any CPU
		{EB3F6EE8-DAF8-45FE-A26A-A8800FB965BB}.Release|Any CPU.ActiveCfg = Release|Any CPU
		{EB3F6EE8-DAF8-45FE-A26A-A8800FB965BB}.Release|Any CPU.Build.0 = Release|Any CPU
		{CBC8CB80-B423-4805-B0B8-2F736708EFE7}.Debug|Any CPU.ActiveCfg = Debug|Any CPU
		{CBC8CB80-B423-4805-B0B8-2F736708EFE7}.Debug|Any CPU.Build.0 = Debug|Any CPU
		{CBC8CB80-B423-4805-B0B8-2F736708EFE7}.Release|Any CPU.ActiveCfg = Release|Any CPU
		{CBC8CB80-B423-4805-B0B8-2F736708EFE7}.Release|Any CPU.Build.0 = Release|Any CPU
	EndGlobalSection
	GlobalSection(SolutionProperties) = preSolution
		HideSolutionNode = FALSE
	EndGlobalSection
	GlobalSection(ExtensibilityGlobals) = postSolution
		SolutionGuid = {D3D3497B-A509-4F28-A62A-BE4617185A0C}
	EndGlobalSection
EndGlobal
